%{
  "aebytecode": {:git, "https://github.com/aeternity/aebytecode.git", "5e16b85ae2385bdc010f319e2f2717c09cac3621", [ref: "5e16b85"]},
  "aecuckoo": {:git, "https://github.com/aeternity/aecuckoo.git", "a1bff574dd0a965d3f9f2e23f980bbead8b4638d", [ref: "a1bff574dd0a965d3f9f2e23f980bbead8b4638d"]},
  "aecuckooprebuilt": {:git, "https://github.com/aeternity/cuckoo-prebuilt.git", "90afb699dc9cc41d033a7c8551179d32b3bd569d", [ref: "90afb699dc9cc41d033a7c8551179d32b3bd569d"]},
  "aeminer": {:git, "https://github.com/aeternity/aeminer.git", "0a82f0fd90fe5fe1f392d58b3cf98af08862f075", [ref: "0a82f0f"]},
  "aerepl": {:git, "https://github.com/radrow/aerepl", "847054c0eccfb3a5bc6de16efdefc9d1f1f081bd", []},
  "aeserialization": {:git, "https://github.com/aeternity/aeserialization.git", "47aaa8f5434b365c50a35bfd1490340b19241991", [ref: "47aaa8f"]},
  "aesophia": {:git, "https://github.com/radrow/aesophia.git", "15744ecfa3b0c8c9b79b8624f5f7729c9821c409", [branch: "repl-branch"]},
  "aestratum_lib": {:git, "https://github.com/aeternity/aestratum_lib.git", "96ffd9a36fab0d65640e87000e8466458276b8f3", [ref: "96ffd9a"]},
  "aeternity": {:git, "https://github.com/aeternity/aeternity.git", "457fa3b3d86c8148ea37c3518f5c89dc2b860d14", []},
  "base58": {:git, "https://github.com/aeternity/erl-base58.git", "60a335668a60328a29f9731b67c4a0e9e3d50ab6", [ref: "60a3356"]},
  "bear": {:hex, :bear, "0.8.7", "16264309ae5d005d03718a5c82641fcc259c9e8f09adeb6fd79ca4271168656f", [:rebar3], [], "hexpm"},
  "bucs": {:hex, :bucs, "1.0.16", "d69a4cd6d1238cd1adc5c95673dbde0f8459a5dbb7d746516434d8c6d935e96f", [:make, :mix, :rebar3], [], "hexpm"},
  "cowboy": {:hex, :cowboy, "2.7.0", "91ed100138a764355f43316b1d23d7ff6bdb0de4ea618cb5d8677c93a7a2f115", [:rebar3], [{:cowlib, "~> 2.8.0", [hex: :cowlib, repo: "hexpm", optional: false]}, {:ranch, "~> 1.7.1", [hex: :ranch, repo: "hexpm", optional: false]}], "hexpm"},
  "cowlib": {:hex, :cowlib, "2.8.0", "fd0ff1787db84ac415b8211573e9a30a3ebe71b5cbff7f720089972b2319c8a4", [:rebar3], [], "hexpm"},
  "eblake2": {:hex, :eblake2, "1.0.0", "ec8ad20e438aab3f2e8d5d118c366a0754219195f8a0f536587440f8f9bcf2ef", [:rebar3], [], "hexpm"},
  "ecrecover": {:git, "https://github.com/aeternity/ecrecover.git", "b3b64213d0eebc7fb7d8fe24a0fd9bbb2ff286fa", [ref: "b3b6421"]},
  "ecrecoverprebuilt": {:git, "https://github.com/aeternity/ecrecover-prebuilt.git", "274f90ba3d93468e8eec405309b43b6c97ae4246", [ref: "274f90b"]},
  "enacl": {:git, "https://github.com/aeternity/enacl.git", "26180f42c0b3a450905d2efd8bc7fd5fd9cece75", [ref: "26180f4"]},
  "enoise": {:git, "https://github.com/aeternity/enoise.git", "1e6ee6703fc401a46fce8f1a400a68734c0a356d", [ref: "1e6ee67"]},
  "eper": {:hex, :eper, "0.99.1", "a50698b6803b8732ad6575285320999fe73e160a1a9ff7efcab6b6f818bd2c1f", [:rebar3], [], "hexpm"},
  "ephemeral": {:hex, :ephemeral, "2.0.4", "b3e57886add5d90c82fe3880f5954978222a122cb8baa123667401bbaaec51d6", [:make, :mix, :rebar3], [{:bucs, "~> 1.0.11", [hex: :bucs, repo: "hexpm", optional: false]}], "hexpm"},
  "exometer_core": {:hex, :exometer_core, "1.5.7", "ab97e34a5d69ab14e6ae161db4cca5b5e655e635b842f830ee6ab2cbfcfdc30a", [:rebar3], [{:folsom, "0.8.7", [hex: :folsom, repo: "hexpm", optional: false]}, {:hut, "1.2.1", [hex: :hut, repo: "hexpm", optional: false]}, {:parse_trans, "3.3.0", [hex: :parse_trans, repo: "hexpm", optional: false]}, {:setup, "2.0.2", [hex: :setup, repo: "hexpm", optional: false]}], "hexpm"},
  "folsom": {:hex, :folsom, "0.8.7", "a885f0aeee4c84270954c88a55a5a473d6b2c7493e32ffdc5765412dd555a951", [:rebar3], [{:bear, "0.8.7", [hex: :bear, repo: "hexpm", optional: false]}], "hexpm"},
  "getopt": {:hex, :getopt, "1.0.1", "c73a9fa687b217f2ff79f68a3b637711bb1936e712b521d8ce466b29cbf7808a", [:rebar3], [], "hexpm"},
  "gettext": {:hex, :gettext, "0.17.0", "abe21542c831887a2b16f4c94556db9c421ab301aee417b7c4fbde7fbdbe01ec", [:mix], [], "hexpm"},
  "goldrush": {:git, "https://github.com/DeadZen/goldrush.git", "8f1b715d36b650ec1e1f5612c00e28af6ab0de82", [tag: "0.1.9"]},
  "gproc": {:hex, :gproc, "0.6.1", "4579663e5677970758a05d8f65d13c3e9814ec707ad51d8dcef7294eda1a730c", [:rebar3], [], "hexpm"},
  "hex2bin": {:hex, :hex2bin, "1.0.0", "aac26eab998ae80eacee1c7607c629ab503ebf77a62b9242bae2b94d47dcb71e", [:rebar3], [], "hexpm"},
  "hut": {:hex, :hut, "1.2.1", "08d46679523043424870723923971889e8a34d63b2f946a35b46cf921d1236e7", [:"erlang.mk", :rebar, :rebar3], [], "hexpm"},
  "idna": {:git, "https://github.com/benoitc/erlang-idna", "6cff72747821110169ecfac871b0c69e5064afff", [ref: "6cff727"]},
  "inet_cidr": {:hex, :erl_cidr, "1.0.1", "9ea93f2b885820c1c3adec24e7ab5b04aad829fbf7b3f8f41f1acd4550d8bf97", [:rebar3], [], "hexpm"},
  "inet_ext": {:hex, :inet_ext, "0.4.0", "ef51fe5ea13db6b40cba48e66d9117bbd31e5a4347fa432b83d0c0547c7ab522", [:rebar3], [], "hexpm"},
  "intercept": {:hex, :intercept, "1.0.0", "1f6c725e6fc070720643bd4d97ee53b1209365c80e520e1f5a1acb36712a7eb5", [:rebar3], [], "hexpm"},
  "jason": {:hex, :jason, "1.1.2", "b03dedea67a99223a2eaf9f1264ce37154564de899fd3d8b9a21b1a6fd64afe7", [:mix], [{:decimal, "~> 1.0", [hex: :decimal, repo: "hexpm", optional: true]}], "hexpm"},
  "jesse": {:git, "https://github.com/for-GET/jesse.git", "9f9d050627093d6a43e02a102d78122f0c4989c8", [ref: "9f9d050"]},
  "jobs": {:hex, :jobs, "0.9.0", "b2f0071531c4a48575a096fec428dcdd4555c64e5086fe521fceaf581b1f51dc", [:rebar3], [{:parse_trans, "3.3.0", [hex: :parse_trans, repo: "hexpm", optional: false]}], "hexpm"},
  "jsx": {:git, "https://github.com/talentdeficit/jsx.git", "3074d4865b3385a050badf7828ad31490d860df5", [tag: "2.8.0"]},
  "lager": {:git, "https://github.com/aeternity/lager.git", "9d97ae33acd82fcf1f6772e9937e6fbbcbfae6a6", [ref: "9d97ae3"]},
  "leveled": {:git, "https://github.com/martinsumner/leveled.git", "b9ba3489b3e86d303a0b6282eb325284f092c479", [ref: "0.9.13"]},
  "lhttpc": {:hex, :lhttpc, "1.6.2", "044f16f0018c7aa7e945e9e9406c7f6035e0b8bc08bf77b00c78ce260e1071e3", [:rebar3], [], "hexpm"},
  "lz4": {:git, "https://github.com/aeternity/erlang-lz4.git", "1ff9f364e8f95d424e0ea1a2ec857a9693d8a970", [ref: "1ff9f36"]},
  "mime": {:hex, :mime, "1.3.1", "30ce04ab3175b6ad0bdce0035cba77bba68b813d523d1aac73d9781b4d193cf8", [:mix], [], "hexpm"},
  "mnesia_leveled": {:git, "https://github.com/aeternity/mnesia_leveled.git", "86e78b72916988578a2b745d169dca506c787120", [ref: "86e78b7"]},
  "mnesia_rocksdb": {:git, "https://github.com/aeternity/mnesia_rocksdb.git", "ad8e7b63cad473558377ce4a1c89ba07f09c0b21", [ref: "ad8e7b6"]},
  "nat": {:git, "https://github.com/aeternity/erlang-nat.git", "dcdfb9cd29900e05b35f60b5ffad727af41ede61", [ref: "dcdfb9c"]},
  "parse_trans": {:hex, :parse_trans, "3.3.0", "09765507a3c7590a784615cfd421d101aec25098d50b89d7aa1d66646bc571c1", [:rebar3], [], "hexpm"},
  "phoenix": {:hex, :phoenix, "1.4.10", "619e4a545505f562cd294df52294372d012823f4fd9d34a6657a8b242898c255", [:mix], [{:jason, "~> 1.0", [hex: :jason, repo: "hexpm", optional: true]}, {:phoenix_pubsub, "~> 1.1", [hex: :phoenix_pubsub, repo: "hexpm", optional: false]}, {:plug, "~> 1.8.1 or ~> 1.9", [hex: :plug, repo: "hexpm", optional: false]}, {:plug_cowboy, "~> 1.0 or ~> 2.0", [hex: :plug_cowboy, repo: "hexpm", optional: true]}, {:telemetry, "~> 0.4", [hex: :telemetry, repo: "hexpm", optional: false]}], "hexpm"},
  "phoenix_pubsub": {:hex, :phoenix_pubsub, "1.1.2", "496c303bdf1b2e98a9d26e89af5bba3ab487ba3a3735f74bf1f4064d2a845a3e", [:mix], [], "hexpm"},
  "plug": {:hex, :plug, "1.8.3", "12d5f9796dc72e8ac9614e94bda5e51c4c028d0d428e9297650d09e15a684478", [:mix], [{:mime, "~> 1.0", [hex: :mime, repo: "hexpm", optional: false]}, {:plug_crypto, "~> 1.0", [hex: :plug_crypto, repo: "hexpm", optional: false]}, {:telemetry, "~> 0.4", [hex: :telemetry, repo: "hexpm", optional: true]}], "hexpm"},
  "plug_cowboy": {:hex, :plug_cowboy, "2.1.0", "b75768153c3a8a9e8039d4b25bb9b14efbc58e9c4a6e6a270abff1cd30cbe320", [:mix], [{:cowboy, "~> 2.5", [hex: :cowboy, repo: "hexpm", optional: false]}, {:plug, "~> 1.7", [hex: :plug, repo: "hexpm", optional: false]}], "hexpm"},
  "plug_crypto": {:hex, :plug_crypto, "1.0.0", "18e49317d3fa343f24620ed22795ec29d4a5e602d52d1513ccea0b07d8ea7d4d", [:mix], [], "hexpm"},
  "ranch": {:hex, :ranch, "1.7.1", "6b1fab51b49196860b733a49c07604465a47bdb78aa10c1c16a3d199f7f8c881", [:rebar3], [], "hexpm"},
  "rand_compat": {:hex, :rand_compat, "0.0.3", "011646bc1f0b0c432fe101b816f25b9bbb74a085713cee1dafd2d62e9415ead3", [:rebar3], [], "hexpm"},
  "rfc3339": {:git, "git://github.com/andreineculau/rfc3339.git", "dcc77d66430490620677de8140a3415dfbd3fa61", [tag: "0.2.1-r15-compat"]},
  "rocksdb": {:hex, :rocksdb, "0.24.0", "1fc862628b95a0d3af05fab709858ac1fa4199c0722bc4652236b0949304a04d", [:rebar3], [], "hexpm"},
  "setup": {:hex, :setup, "2.0.2", "1203f4cda11306c2e34434244576ded0a7bbfb0908d9a572356c809bd0cdf085", [:rebar3], [], "hexpm"},
  "sext": {:hex, :sext, "1.5.0", "07d5d516daa4c437b2f7db99f6b2728c8af939313479b1bedc1995bb15936236", [:rebar3], [], "hexpm"},
  "sha3": {:git, "https://github.com/aeternity/erlang-sha3", "c818ddc20004ab26e09900e35608a58b5c8429a5", [ref: "c818ddc"]},
  "telemetry": {:hex, :telemetry, "0.4.0", "8339bee3fa8b91cb84d14c2935f8ecf399ccd87301ad6da6b71c09553834b2ab", [:rebar3], [], "hexpm"},
  "trace_runner": {:git, "git://github.com/uwiger/trace_runner.git", "303ef2f8a85748daa3852c8342b55c61de0f62d3", [ref: "303ef2f"]},
  "unicode_util_compat": {:git, "https://github.com/benoitc/unicode_util_compat.git", "38d7bc105f51159e8ea3279c40121db9db1e652f", [tag: "0.3.1"]},
  "yamerl": {:hex, :yamerl, "0.7.0", "e51dba652dce74c20a88294130b48051ebbbb0be7d76f22de064f0f3ccf0aaf5", [:rebar3], [], "hexpm"},
}
